PODS:
  - Alamofire (4.7.3)
  - Mockit (1.4.0)
  - Nimble (7.3.0)
  - Quick (1.3.1)
  - Starscream (3.0.5)

DEPENDENCIES:
  - Alamofire (~> 4.2)
  - Mockit (~> 1.3)
  - Nimble
  - Quick
  - Starscream (~> 3.0)

SPEC REPOS:
  https://github.com/cocoapods/specs.git:
    - Alamofire
    - Mockit
    - Nimble
    - Quick
    - Starscream

SPEC CHECKSUMS:
  Alamofire: c7287b6e5d7da964a70935e5db17046b7fde6568
  Mockit: 03fd83ba6d0f71bc4af6d2745ac7a01b084ab3ca
  Nimble: c8d6a1f463701921c46de965c673e13cafa09196
  Quick: d17304d58d0d169dd0bd1c6e5c28e3318de32a1a
  Starscream: faf918b2f2eff7d5dd21180646bf015a669673bd

PODFILE CHECKSUM: 79d0be02a68490c1ac445f39448ee90e8f37cad7

COCOAPODS: 1.5.3
